
Microsoft Visual Studio Solution File, Format Version 12.00
# Visual Studio Version 16
VisualStudioVersion = 16.0.31105.61
MinimumVisualStudioVersion = 10.0.40219.1
Project("{FAE04EC0-301F-11D3-BF4B-00C04F79EFBC}") = "LingusticInterface", "LingusticInterface\LingusticInterface.csproj", "{1FC2CD07-81AD-43E5-8CFA-FA4C2D2E11BD}"
EndProject
Global
	GlobalSection(SolutionConfigurationPlatforms) = preSolution
		Debug|Any CPU = Debug|Any CPU
		Release|Any CPU = Release|Any CPU
	EndGlobalSection
	GlobalSection(ProjectConfigurationPlatforms) = postSolution
		{1FC2CD07-81AD-43E5-8CFA-FA4C2D2E11BD}.Debug|Any CPU.ActiveCfg = Debug|Any CPU
		{1FC2CD07-81AD-43E5-8CFA-FA4C2D2E11BD}.Debug|Any CPU.Build.0 = Debug|Any CPU
		{1FC2CD07-81AD-43E5-8CFA-FA4C2D2E11BD}.Release|Any CPU.ActiveCfg = Release|Any CPU
		{1FC2CD07-81AD-43E5-8CFA-FA4C2D2E11BD}.Release|Any CPU.Build.0 = Release|Any CPU
	EndGlobalSection
	GlobalSection(SolutionProperties) = preSolution
		HideSolutionNode = FALSE
	EndGlobalSection
	GlobalSection(ExtensibilityGlobals) = postSolution
		SolutionGuid = {24FC933F-6540-4A90-8B09-DA88D341E93E}
	EndGlobalSection
EndGlobal
